{
  "name": "Mostafa-Portfolio",
  "lockfileVersion": 3,
  "requires": true,
  "packages": {
    "": {
      "dependencies": {
        "@emailjs/browser": "^4.4.1",
        "emailjs-com": "^3.2.0"
      }
    },
    "node_modules/@emailjs/browser": {
      "version": "4.4.1",
      "license": "BSD-3-Clause",
      "engines": {
        "node": ">=14.0.0"
      }
    },
    "node_modules/emailjs-com": {
      "version": "3.2.0",
      "license": "MIT",
      "engines": {
        "node": ">=12.0.0"
      }
    }
  }
}
